
Microsoft Visual Studio Solution File, Format Version 12.00
# Visual Studio 15
VisualStudioVersion = 15.0.28307.902
MinimumVisualStudioVersion = 10.0.40219.1
Project("{FAE04EC0-301F-11D3-BF4B-00C04F79EFBC}") = "getaj", "getaj\getaj.csproj", "{668E5412-6AEB-403E-B42C-C571FC6209C0}"
EndProject
Project("{FAE04EC0-301F-11D3-BF4B-00C04F79EFBC}") = "getajdal", "getajdal\getajdal.csproj", "{1474CB90-CC0C-4319-8DCC-722DD80D6128}"
EndProject
Global
	GlobalSection(SolutionConfigurationPlatforms) = preSolution
		Debug|Any CPU = Debug|Any CPU
		Release|Any CPU = Release|Any CPU
	EndGlobalSection
	GlobalSection(ProjectConfigurationPlatforms) = postSolution
		{668E5412-6AEB-403E-B42C-C571FC6209C0}.Debug|Any CPU.ActiveCfg = Debug|Any CPU
		{668E5412-6AEB-403E-B42C-C571FC6209C0}.Debug|Any CPU.Build.0 = Debug|Any CPU
		{668E5412-6AEB-403E-B42C-C571FC6209C0}.Release|Any CPU.ActiveCfg = Release|Any CPU
		{668E5412-6AEB-403E-B42C-C571FC6209C0}.Release|Any CPU.Build.0 = Release|Any CPU
		{1474CB90-CC0C-4319-8DCC-722DD80D6128}.Debug|Any CPU.ActiveCfg = Debug|Any CPU
		{1474CB90-CC0C-4319-8DCC-722DD80D6128}.Debug|Any CPU.Build.0 = Debug|Any CPU
		{1474CB90-CC0C-4319-8DCC-722DD80D6128}.Release|Any CPU.ActiveCfg = Release|Any CPU
		{1474CB90-CC0C-4319-8DCC-722DD80D6128}.Release|Any CPU.Build.0 = Release|Any CPU
	EndGlobalSection
	GlobalSection(SolutionProperties) = preSolution
		HideSolutionNode = FALSE
	EndGlobalSection
	GlobalSection(ExtensibilityGlobals) = postSolution
		SolutionGuid = {F96E77CA-74C7-4303-85D0-6BF3DC455A3C}
	EndGlobalSection
EndGlobal
