
Microsoft Visual Studio Solution File, Format Version 12.00
# Visual Studio 15
VisualStudioVersion = 15.0.28307.902
MinimumVisualStudioVersion = 10.0.40219.1
Project("{FAE04EC0-301F-11D3-BF4B-00C04F79EFBC}") = "Demo", "Demo\Demo.csproj", "{C0CD86B9-98C3-4CD5-A04A-35209A27C8EF}"
EndProject
Global
	GlobalSection(SolutionConfigurationPlatforms) = preSolution
		Debug|Any CPU = Debug|Any CPU
		Release|Any CPU = Release|Any CPU
	EndGlobalSection
	GlobalSection(ProjectConfigurationPlatforms) = postSolution
		{C0CD86B9-98C3-4CD5-A04A-35209A27C8EF}.Debug|Any CPU.ActiveCfg = Debug|Any CPU
		{C0CD86B9-98C3-4CD5-A04A-35209A27C8EF}.Debug|Any CPU.Build.0 = Debug|Any CPU
		{C0CD86B9-98C3-4CD5-A04A-35209A27C8EF}.Release|Any CPU.ActiveCfg = Release|Any CPU
		{C0CD86B9-98C3-4CD5-A04A-35209A27C8EF}.Release|Any CPU.Build.0 = Release|Any CPU
	EndGlobalSection
	GlobalSection(SolutionProperties) = preSolution
		HideSolutionNode = FALSE
	EndGlobalSection
	GlobalSection(ExtensibilityGlobals) = postSolution
		SolutionGuid = {A74B7F01-AEB4-4A6B-8594-EA56D53516AE}
	EndGlobalSection
EndGlobal
